PODS:
  - Alamofire (4.0.0)
  - MBProgressHUD (1.0.0)

DEPENDENCIES:
  - Alamofire (~> 4.0)
  - MBProgressHUD (~> 1.0.0)

SPEC CHECKSUMS:
  Alamofire: fef59f00388f267e52d9b432aa5d93dc97190f14
  MBProgressHUD: 4890f671c94e8a0f3cf959aa731e9de2f036d71a

PODFILE CHECKSUM: e65605e5765226c389c925d4db2855f9875f7231

COCOAPODS: 1.1.0.rc.2
