// !$*UTF8*$!
{
	archiveVersion = 1;
	classes = {
	};
	objectVersion = 47;
	objects = {

/* Begin PBXBuildFile section */
		ABF5688777E03437CACD90F3 /* Pods_Pizza_Slice.framework in Frameworks */ = {isa = PBXBuildFile; fileRef = 8A9AAF1EDC2C92DA061EFB68 /* Pods_Pizza_Slice.framework */; };
		D903604419F1CAE1009584B8 /* AppDelegate.swift in Sources */ = {isa = PBXBuildFile; fileRef = D903604319F1CAE1009584B8 /* AppDelegate.swift */; };
		D903604819F1CAE1009584B8 /* GameViewController.swift in Sources */ = {isa = PBXBuildFile; fileRef = D903604719F1CAE1009584B8 /* GameViewController.swift */; };
		D903604B19F1CAE1009584B8 /* Main.storyboard in Resources */ = {isa = PBXBuildFile; fileRef = D903604919F1CAE1009584B8 /* Main.storyboard */; };
		D903604D19F1CAE1009584B8 /* Images.xcassets in Resources */ = {isa = PBXBuildFile; fileRef = D903604C19F1CAE1009584B8 /* Images.xcassets */; };
		D903605019F1CAE1009584B8 /* LaunchScreen.xib in Resources */ = {isa = PBXBuildFile; fileRef = D903604E19F1CAE1009584B8 /* LaunchScreen.xib */; };
		D903605C19F1CAE1009584B8 /* Pizza_SliceTests.swift in Sources */ = {isa = PBXBuildFile; fileRef = D903605B19F1CAE1009584B8 /* Pizza_SliceTests.swift */; };
		D92EB4C71C88DEE60009EA72 /* Pizza_SliceUITests.swift in Sources */ = {isa = PBXBuildFile; fileRef = D92EB4C61C88DEE60009EA72 /* Pizza_SliceUITests.swift */; };
		D92EB4CF1C88DF040009EA72 /* SnapshotHelper.swift in Sources */ = {isa = PBXBuildFile; fileRef = D92EB4CE1C88DF040009EA72 /* SnapshotHelper.swift */; };
		D934EEE719F1F14A003B6EFE /* GameScene.swift in Sources */ = {isa = PBXBuildFile; fileRef = D934EEE619F1F149003B6EFE /* GameScene.swift */; };
		D934EEEE19F1F5AB003B6EFE /* ccw.caf in Resources */ = {isa = PBXBuildFile; fileRef = D934EEEA19F1F5AB003B6EFE /* ccw.caf */; };
		D934EEEF19F1F5AB003B6EFE /* cw.caf in Resources */ = {isa = PBXBuildFile; fileRef = D934EEEB19F1F5AB003B6EFE /* cw.caf */; };
		D934EEF019F1F5AB003B6EFE /* die.caf in Resources */ = {isa = PBXBuildFile; fileRef = D934EEEC19F1F5AB003B6EFE /* die.caf */; };
		D9361CAF19F2293F00574A06 /* iAd.framework in Frameworks */ = {isa = PBXBuildFile; fileRef = D9361CAE19F2293E00574A06 /* iAd.framework */; };
		D9361CB119F2345500574A06 /* eat.caf in Resources */ = {isa = PBXBuildFile; fileRef = D9361CB019F2345500574A06 /* eat.caf */; };
		D9361CB319F2366F00574A06 /* plane.png in Resources */ = {isa = PBXBuildFile; fileRef = D9361CB219F2366F00574A06 /* plane.png */; };
		D9361CB719F23C3100574A06 /* background.jpg in Resources */ = {isa = PBXBuildFile; fileRef = D9361CB619F23C3100574A06 /* background.jpg */; };
		D95AC2C81D70CF1B008217FF /* howto2.png in Resources */ = {isa = PBXBuildFile; fileRef = D95AC2C61D70CF1B008217FF /* howto2.png */; };
		D95AC2C91D70CF1B008217FF /* howto1.png in Resources */ = {isa = PBXBuildFile; fileRef = D95AC2C71D70CF1B008217FF /* howto1.png */; };
		D96F0A271B2DCFEB00DBC632 /* share.png in Resources */ = {isa = PBXBuildFile; fileRef = D96F0A261B2DCFEB00DBC632 /* share.png */; };
		D983D0FB1D907068006D55C2 /* moreDetails.png in Resources */ = {isa = PBXBuildFile; fileRef = D983D0FA1D907068006D55C2 /* moreDetails.png */; };
		D983D1011D916914006D55C2 /* FriendRankPermissionsTableViewController.swift in Sources */ = {isa = PBXBuildFile; fileRef = D983D1001D916914006D55C2 /* FriendRankPermissionsTableViewController.swift */; };
		D983D1031D91873B006D55C2 /* FriendRank.swift in Sources */ = {isa = PBXBuildFile; fileRef = D983D1021D91873B006D55C2 /* FriendRank.swift */; };
		D983D1061D91875D006D55C2 /* Contacts.framework in Frameworks */ = {isa = PBXBuildFile; fileRef = D983D1051D91875D006D55C2 /* Contacts.framework */; };
/* End PBXBuildFile section */

/* Begin PBXContainerItemProxy section */
		D903605619F1CAE1009584B8 /* PBXContainerItemProxy */ = {
			isa = PBXContainerItemProxy;
			containerPortal = D903603619F1CAE1009584B8 /* Project object */;
			proxyType = 1;
			remoteGlobalIDString = D903603D19F1CAE1009584B8;
			remoteInfo = "Pizza Slice";
		};
		D92EB4C91C88DEE60009EA72 /* PBXContainerItemProxy */ = {
			isa = PBXContainerItemProxy;
			containerPortal = D903603619F1CAE1009584B8 /* Project object */;
			proxyType = 1;
			remoteGlobalIDString = D903603D19F1CAE1009584B8;
			remoteInfo = "Pizza Slice";
		};
/* End PBXContainerItemProxy section */

/* Begin PBXCopyFilesBuildPhase section */
		D983D0F91D9068DC006D55C2 /* Embed Frameworks */ = {
			isa = PBXCopyFilesBuildPhase;
			buildActionMask = 2147483647;
			dstPath = "";
			dstSubfolderSpec = 10;
			files = (
			);
			name = "Embed Frameworks";
			runOnlyForDeploymentPostprocessing = 0;
		};
/* End PBXCopyFilesBuildPhase section */

/* Begin PBXFileReference section */
		8A9AAF1EDC2C92DA061EFB68 /* Pods_Pizza_Slice.framework */ = {isa = PBXFileReference; explicitFileType = wrapper.framework; includeInIndex = 0; path = Pods_Pizza_Slice.framework; sourceTree = BUILT_PRODUCTS_DIR; };
		C7C926EA765ABDBA58134C3D /* Pods-Pizza Slice.release.xcconfig */ = {isa = PBXFileReference; includeInIndex = 1; lastKnownFileType = text.xcconfig; name = "Pods-Pizza Slice.release.xcconfig"; path = "Pods/Target Support Files/Pods-Pizza Slice/Pods-Pizza Slice.release.xcconfig"; sourceTree = "<group>"; };
		C7D00B97DD8179C4CEE4947A /* Pods-Pizza Slice.debug.xcconfig */ = {isa = PBXFileReference; includeInIndex = 1; lastKnownFileType = text.xcconfig; name = "Pods-Pizza Slice.debug.xcconfig"; path = "Pods/Target Support Files/Pods-Pizza Slice/Pods-Pizza Slice.debug.xcconfig"; sourceTree = "<group>"; };
		D903603E19F1CAE1009584B8 /* Pizza Slice.app */ = {isa = PBXFileReference; explicitFileType = wrapper.application; includeInIndex = 0; path = "Pizza Slice.app"; sourceTree = BUILT_PRODUCTS_DIR; };
		D903604219F1CAE1009584B8 /* Info.plist */ = {isa = PBXFileReference; lastKnownFileType = text.plist.xml; path = Info.plist; sourceTree = "<group>"; };
		D903604319F1CAE1009584B8 /* AppDelegate.swift */ = {isa = PBXFileReference; lastKnownFileType = sourcecode.swift; path = AppDelegate.swift; sourceTree = "<group>"; };
		D903604719F1CAE1009584B8 /* GameViewController.swift */ = {isa = PBXFileReference; lastKnownFileType = sourcecode.swift; path = GameViewController.swift; sourceTree = "<group>"; };
		D903604A19F1CAE1009584B8 /* Base */ = {isa = PBXFileReference; lastKnownFileType = file.storyboard; name = Base; path = Base.lproj/Main.storyboard; sourceTree = "<group>"; };
		D903604C19F1CAE1009584B8 /* Images.xcassets */ = {isa = PBXFileReference; lastKnownFileType = folder.assetcatalog; path = Images.xcassets; sourceTree = "<group>"; };
		D903604F19F1CAE1009584B8 /* Base */ = {isa = PBXFileReference; lastKnownFileType = file.xib; name = Base; path = Base.lproj/LaunchScreen.xib; sourceTree = "<group>"; };
		D903605519F1CAE1009584B8 /* Pizza SliceTests.xctest */ = {isa = PBXFileReference; explicitFileType = wrapper.cfbundle; includeInIndex = 0; path = "Pizza SliceTests.xctest"; sourceTree = BUILT_PRODUCTS_DIR; };
		D903605A19F1CAE1009584B8 /* Info.plist */ = {isa = PBXFileReference; lastKnownFileType = text.plist.xml; path = Info.plist; sourceTree = "<group>"; };
		D903605B19F1CAE1009584B8 /* Pizza_SliceTests.swift */ = {isa = PBXFileReference; lastKnownFileType = sourcecode.swift; path = Pizza_SliceTests.swift; sourceTree = "<group>"; };
		D92EB4C41C88DEE60009EA72 /* Pizza SliceUITests.xctest */ = {isa = PBXFileReference; explicitFileType = wrapper.cfbundle; includeInIndex = 0; path = "Pizza SliceUITests.xctest"; sourceTree = BUILT_PRODUCTS_DIR; };
		D92EB4C61C88DEE60009EA72 /* Pizza_SliceUITests.swift */ = {isa = PBXFileReference; lastKnownFileType = sourcecode.swift; path = Pizza_SliceUITests.swift; sourceTree = "<group>"; };
		D92EB4C81C88DEE60009EA72 /* Info.plist */ = {isa = PBXFileReference; lastKnownFileType = text.plist.xml; path = Info.plist; sourceTree = "<group>"; };
		D92EB4CE1C88DF040009EA72 /* SnapshotHelper.swift */ = {isa = PBXFileReference; fileEncoding = 4; lastKnownFileType = sourcecode.swift; path = SnapshotHelper.swift; sourceTree = "<group>"; };
		D934EEE619F1F149003B6EFE /* GameScene.swift */ = {isa = PBXFileReference; fileEncoding = 4; lastKnownFileType = sourcecode.swift; path = GameScene.swift; sourceTree = "<group>"; };
		D934EEEA19F1F5AB003B6EFE /* ccw.caf */ = {isa = PBXFileReference; lastKnownFileType = file; path = ccw.caf; sourceTree = "<group>"; };
		D934EEEB19F1F5AB003B6EFE /* cw.caf */ = {isa = PBXFileReference; lastKnownFileType = file; path = cw.caf; sourceTree = "<group>"; };
		D934EEEC19F1F5AB003B6EFE /* die.caf */ = {isa = PBXFileReference; lastKnownFileType = file; path = die.caf; sourceTree = "<group>"; };
		D9361CAE19F2293E00574A06 /* iAd.framework */ = {isa = PBXFileReference; lastKnownFileType = wrapper.framework; name = iAd.framework; path = System/Library/Frameworks/iAd.framework; sourceTree = SDKROOT; };
		D9361CB019F2345500574A06 /* eat.caf */ = {isa = PBXFileReference; lastKnownFileType = file; path = eat.caf; sourceTree = "<group>"; };
		D9361CB219F2366F00574A06 /* plane.png */ = {isa = PBXFileReference; lastKnownFileType = image.png; path = plane.png; sourceTree = "<group>"; };
		D9361CB619F23C3100574A06 /* background.jpg */ = {isa = PBXFileReference; lastKnownFileType = image.jpeg; path = background.jpg; sourceTree = "<group>"; };
		D95AC2C61D70CF1B008217FF /* howto2.png */ = {isa = PBXFileReference; lastKnownFileType = image.png; path = howto2.png; sourceTree = "<group>"; };
		D95AC2C71D70CF1B008217FF /* howto1.png */ = {isa = PBXFileReference; lastKnownFileType = image.png; path = howto1.png; sourceTree = "<group>"; };
		D96F0A261B2DCFEB00DBC632 /* share.png */ = {isa = PBXFileReference; lastKnownFileType = image.png; path = share.png; sourceTree = "<group>"; };
		D983D0FA1D907068006D55C2 /* moreDetails.png */ = {isa = PBXFileReference; lastKnownFileType = image.png; path = moreDetails.png; sourceTree = "<group>"; };
		D983D1001D916914006D55C2 /* FriendRankPermissionsTableViewController.swift */ = {isa = PBXFileReference; fileEncoding = 4; lastKnownFileType = sourcecode.swift; path = FriendRankPermissionsTableViewController.swift; sourceTree = "<group>"; };
		D983D1021D91873B006D55C2 /* FriendRank.swift */ = {isa = PBXFileReference; fileEncoding = 4; lastKnownFileType = sourcecode.swift; path = FriendRank.swift; sourceTree = "<group>"; };
		D983D1051D91875D006D55C2 /* Contacts.framework */ = {isa = PBXFileReference; lastKnownFileType = wrapper.framework; name = Contacts.framework; path = System/Library/Frameworks/Contacts.framework; sourceTree = SDKROOT; };
/* End PBXFileReference section */

/* Begin PBXFrameworksBuildPhase section */
		D903603B19F1CAE1009584B8 /* Frameworks */ = {
			isa = PBXFrameworksBuildPhase;
			buildActionMask = 2147483647;
			files = (
				D983D1061D91875D006D55C2 /* Contacts.framework in Frameworks */,
				D9361CAF19F2293F00574A06 /* iAd.framework in Frameworks */,
				ABF5688777E03437CACD90F3 /* Pods_Pizza_Slice.framework in Frameworks */,
			);
			runOnlyForDeploymentPostprocessing = 0;
		};
		D903605219F1CAE1009584B8 /* Frameworks */ = {
			isa = PBXFrameworksBuildPhase;
			buildActionMask = 2147483647;
			files = (
			);
			runOnlyForDeploymentPostprocessing = 0;
		};
		D92EB4C11C88DEE60009EA72 /* Frameworks */ = {
			isa = PBXFrameworksBuildPhase;
			buildActionMask = 2147483647;
			files = (
			);
			runOnlyForDeploymentPostprocessing = 0;
		};
/* End PBXFrameworksBuildPhase section */

/* Begin PBXGroup section */
		A2D269CCDC14612365B37E28 /* Pods */ = {
			isa = PBXGroup;
			children = (
				C7D00B97DD8179C4CEE4947A /* Pods-Pizza Slice.debug.xcconfig */,
				C7C926EA765ABDBA58134C3D /* Pods-Pizza Slice.release.xcconfig */,
			);
			name = Pods;
			sourceTree = "<group>";
		};
		D903603519F1CAE1009584B8 = {
			isa = PBXGroup;
			children = (
				D903604019F1CAE1009584B8 /* Pizza Slice */,
				D903605819F1CAE1009584B8 /* Pizza SliceTests */,
				D92EB4C51C88DEE60009EA72 /* Pizza SliceUITests */,
				D903603F19F1CAE1009584B8 /* Products */,
				D983D1041D91875D006D55C2 /* Frameworks */,
				A2D269CCDC14612365B37E28 /* Pods */,
			);
			sourceTree = "<group>";
		};
		D903603F19F1CAE1009584B8 /* Products */ = {
			isa = PBXGroup;
			children = (
				D903603E19F1CAE1009584B8 /* Pizza Slice.app */,
				D903605519F1CAE1009584B8 /* Pizza SliceTests.xctest */,
				D92EB4C41C88DEE60009EA72 /* Pizza SliceUITests.xctest */,
			);
			name = Products;
			sourceTree = "<group>";
		};
		D903604019F1CAE1009584B8 /* Pizza Slice */ = {
			isa = PBXGroup;
			children = (
				D903604319F1CAE1009584B8 /* AppDelegate.swift */,
				D903604719F1CAE1009584B8 /* GameViewController.swift */,
				D934EEE619F1F149003B6EFE /* GameScene.swift */,
				D903604919F1CAE1009584B8 /* Main.storyboard */,
				D983D1001D916914006D55C2 /* FriendRankPermissionsTableViewController.swift */,
				D983D1021D91873B006D55C2 /* FriendRank.swift */,
				D903604C19F1CAE1009584B8 /* Images.xcassets */,
				D903604E19F1CAE1009584B8 /* LaunchScreen.xib */,
				D9361CB619F23C3100574A06 /* background.jpg */,
				D9361CB219F2366F00574A06 /* plane.png */,
				D96F0A261B2DCFEB00DBC632 /* share.png */,
				D95AC2C61D70CF1B008217FF /* howto2.png */,
				D95AC2C71D70CF1B008217FF /* howto1.png */,
				D983D0FA1D907068006D55C2 /* moreDetails.png */,
				D903604119F1CAE1009584B8 /* Supporting Files */,
			);
			path = "Pizza Slice";
			sourceTree = "<group>";
		};
		D903604119F1CAE1009584B8 /* Supporting Files */ = {
			isa = PBXGroup;
			children = (
				D934EEE819F1F59D003B6EFE /* Sounds */,
				D903604219F1CAE1009584B8 /* Info.plist */,
			);
			name = "Supporting Files";
			sourceTree = "<group>";
		};
		D903605819F1CAE1009584B8 /* Pizza SliceTests */ = {
			isa = PBXGroup;
			children = (
				D903605B19F1CAE1009584B8 /* Pizza_SliceTests.swift */,
				D903605919F1CAE1009584B8 /* Supporting Files */,
			);
			path = "Pizza SliceTests";
			sourceTree = "<group>";
		};
		D903605919F1CAE1009584B8 /* Supporting Files */ = {
			isa = PBXGroup;
			children = (
				D903605A19F1CAE1009584B8 /* Info.plist */,
			);
			name = "Supporting Files";
			sourceTree = "<group>";
		};
		D92EB4C51C88DEE60009EA72 /* Pizza SliceUITests */ = {
			isa = PBXGroup;
			children = (
				D92EB4CE1C88DF040009EA72 /* SnapshotHelper.swift */,
				D92EB4C61C88DEE60009EA72 /* Pizza_SliceUITests.swift */,
				D92EB4C81C88DEE60009EA72 /* Info.plist */,
			);
			path = "Pizza SliceUITests";
			sourceTree = "<group>";
		};
		D934EEE819F1F59D003B6EFE /* Sounds */ = {
			isa = PBXGroup;
			children = (
				D9361CB019F2345500574A06 /* eat.caf */,
				D934EEEA19F1F5AB003B6EFE /* ccw.caf */,
				D934EEEB19F1F5AB003B6EFE /* cw.caf */,
				D934EEEC19F1F5AB003B6EFE /* die.caf */,
			);
			name = Sounds;
			sourceTree = "<group>";
		};
		D983D1041D91875D006D55C2 /* Frameworks */ = {
			isa = PBXGroup;
			children = (
				D9361CAE19F2293E00574A06 /* iAd.framework */,
				D983D1051D91875D006D55C2 /* Contacts.framework */,
				8A9AAF1EDC2C92DA061EFB68 /* Pods_Pizza_Slice.framework */,
			);
			name = Frameworks;
			sourceTree = "<group>";
		};
/* End PBXGroup section */

/* Begin PBXNativeTarget section */
		D903603D19F1CAE1009584B8 /* Pizza Slice */ = {
			isa = PBXNativeTarget;
			buildConfigurationList = D903605F19F1CAE1009584B8 /* Build configuration list for PBXNativeTarget "Pizza Slice" */;
			buildPhases = (
				6058B7EA8CCEBC51EEDEAB38 /* [CP] Check Pods Manifest.lock */,
				D903603A19F1CAE1009584B8 /* Sources */,
				D903603B19F1CAE1009584B8 /* Frameworks */,
				D903603C19F1CAE1009584B8 /* Resources */,
				D983D0F91D9068DC006D55C2 /* Embed Frameworks */,
				E6BCEFF0056CA8CE249A758A /* [CP] Embed Pods Frameworks */,
				2EEE055764E1227A69F9C6AA /* [CP] Copy Pods Resources */,
			);
			buildRules = (
			);
			dependencies = (
			);
			name = "Pizza Slice";
			productName = "Pizza Slice";
			productReference = D903603E19F1CAE1009584B8 /* Pizza Slice.app */;
			productType = "com.apple.product-type.application";
		};
		D903605419F1CAE1009584B8 /* Pizza SliceTests */ = {
			isa = PBXNativeTarget;
			buildConfigurationList = D903606219F1CAE1009584B8 /* Build configuration list for PBXNativeTarget "Pizza SliceTests" */;
			buildPhases = (
				D903605119F1CAE1009584B8 /* Sources */,
				D903605219F1CAE1009584B8 /* Frameworks */,
				D903605319F1CAE1009584B8 /* Resources */,
			);
			buildRules = (
			);
			dependencies = (
				D903605719F1CAE1009584B8 /* PBXTargetDependency */,
			);
			name = "Pizza SliceTests";
			productName = "Pizza SliceTests";
			productReference = D903605519F1CAE1009584B8 /* Pizza SliceTests.xctest */;
			productType = "com.apple.product-type.bundle.unit-test";
		};
		D92EB4C31C88DEE60009EA72 /* Pizza SliceUITests */ = {
			isa = PBXNativeTarget;
			buildConfigurationList = D92EB4CB1C88DEE60009EA72 /* Build configuration list for PBXNativeTarget "Pizza SliceUITests" */;
			buildPhases = (
				D92EB4C01C88DEE60009EA72 /* Sources */,
				D92EB4C11C88DEE60009EA72 /* Frameworks */,
				D92EB4C21C88DEE60009EA72 /* Resources */,
			);
			buildRules = (
			);
			dependencies = (
				D92EB4CA1C88DEE60009EA72 /* PBXTargetDependency */,
			);
			name = "Pizza SliceUITests";
			productName = "Pizza SliceUITests";
			productReference = D92EB4C41C88DEE60009EA72 /* Pizza SliceUITests.xctest */;
			productType = "com.apple.product-type.bundle.ui-testing";
		};
/* End PBXNativeTarget section */

/* Begin PBXProject section */
		D903603619F1CAE1009584B8 /* Project object */ = {
			isa = PBXProject;
			attributes = {
				LastSwiftMigration = 0700;
				LastSwiftUpdateCheck = 0720;
				LastUpgradeCheck = 0900;
				ORGANIZATIONNAME = "William Entriken";
				TargetAttributes = {
					D903603D19F1CAE1009584B8 = {
						CreatedOnToolsVersion = 6.0;
						DevelopmentTeam = 8Q693ZG5RN;
						LastSwiftMigration = 0900;
					};
					D903605419F1CAE1009584B8 = {
						CreatedOnToolsVersion = 6.0;
						LastSwiftMigration = 0900;
						TestTargetID = D903603D19F1CAE1009584B8;
					};
					D92EB4C31C88DEE60009EA72 = {
						CreatedOnToolsVersion = 7.2.1;
						LastSwiftMigration = 0900;
						TestTargetID = D903603D19F1CAE1009584B8;
					};
				};
			};
			buildConfigurationList = D903603919F1CAE1009584B8 /* Build configuration list for PBXProject "Pizza Slice" */;
			compatibilityVersion = "Xcode 6.3";
			developmentRegion = English;
			hasScannedForEncodings = 0;
			knownRegions = (
				en,
				Base,
			);
			mainGroup = D903603519F1CAE1009584B8;
			productRefGroup = D903603F19F1CAE1009584B8 /* Products */;
			projectDirPath = "";
			projectRoot = "";
			targets = (
				D903603D19F1CAE1009584B8 /* Pizza Slice */,
				D903605419F1CAE1009584B8 /* Pizza SliceTests */,
				D92EB4C31C88DEE60009EA72 /* Pizza SliceUITests */,
			);
		};
/* End PBXProject section */

/* Begin PBXResourcesBuildPhase section */
		D903603C19F1CAE1009584B8 /* Resources */ = {
			isa = PBXResourcesBuildPhase;
			buildActionMask = 2147483647;
			files = (
				D934EEEE19F1F5AB003B6EFE /* ccw.caf in Resources */,
				D934EEF019F1F5AB003B6EFE /* die.caf in Resources */,
				D903605019F1CAE1009584B8 /* LaunchScreen.xib in Resources */,
				D95AC2C81D70CF1B008217FF /* howto2.png in Resources */,
				D983D0FB1D907068006D55C2 /* moreDetails.png in Resources */,
				D9361CB319F2366F00574A06 /* plane.png in Resources */,
				D903604D19F1CAE1009584B8 /* Images.xcassets in Resources */,
				D9361CB119F2345500574A06 /* eat.caf in Resources */,
				D95AC2C91D70CF1B008217FF /* howto1.png in Resources */,
				D9361CB719F23C3100574A06 /* background.jpg in Resources */,
				D903604B19F1CAE1009584B8 /* Main.storyboard in Resources */,
				D934EEEF19F1F5AB003B6EFE /* cw.caf in Resources */,
				D96F0A271B2DCFEB00DBC632 /* share.png in Resources */,
			);
			runOnlyForDeploymentPostprocessing = 0;
		};
		D903605319F1CAE1009584B8 /* Resources */ = {
			isa = PBXResourcesBuildPhase;
			buildActionMask = 2147483647;
			files = (
			);
			runOnlyForDeploymentPostprocessing = 0;
		};
		D92EB4C21C88DEE60009EA72 /* Resources */ = {
			isa = PBXResourcesBuildPhase;
			buildActionMask = 2147483647;
			files = (
			);
			runOnlyForDeploymentPostprocessing = 0;
		};
/* End PBXResourcesBuildPhase section */

/* Begin PBXShellScriptBuildPhase section */
		2EEE055764E1227A69F9C6AA /* [CP] Copy Pods Resources */ = {
			isa = PBXShellScriptBuildPhase;
			buildActionMask = 2147483647;
			files = (
			);
			inputPaths = (
			);
			name = "[CP] Copy Pods Resources";
			outputPaths = (
			);
			runOnlyForDeploymentPostprocessing = 0;
			shellPath = /bin/sh;
			shellScript = "\"${SRCROOT}/Pods/Target Support Files/Pods-Pizza Slice/Pods-Pizza Slice-resources.sh\"\n";
			showEnvVarsInLog = 0;
		};
		6058B7EA8CCEBC51EEDEAB38 /* [CP] Check Pods Manifest.lock */ = {
			isa = PBXShellScriptBuildPhase;
			buildActionMask = 2147483647;
			files = (
			);
			inputPaths = (
				"${PODS_PODFILE_DIR_PATH}/Podfile.lock",
				"${PODS_ROOT}/Manifest.lock",
			);
			name = "[CP] Check Pods Manifest.lock";
			outputPaths = (
				"$(DERIVED_FILE_DIR)/Pods-Pizza Slice-checkManifestLockResult.txt",
			);
			runOnlyForDeploymentPostprocessing = 0;
			shellPath = /bin/sh;
			shellScript = "diff \"${PODS_PODFILE_DIR_PATH}/Podfile.lock\" \"${PODS_ROOT}/Manifest.lock\" > /dev/null\nif [ $? != 0 ] ; then\n    # print error to STDERR\n    echo \"error: The sandbox is not in sync with the Podfile.lock. Run 'pod install' or update your CocoaPods installation.\" >&2\n    exit 1\nfi\n# This output is used by Xcode 'outputs' to avoid re-running this script phase.\necho \"SUCCESS\" > \"${SCRIPT_OUTPUT_FILE_0}\"\n";
			showEnvVarsInLog = 0;
		};
		E6BCEFF0056CA8CE249A758A /* [CP] Embed Pods Frameworks */ = {
			isa = PBXShellScriptBuildPhase;
			buildActionMask = 2147483647;
			files = (
			);
			inputPaths = (
				"${SRCROOT}/Pods/Target Support Files/Pods-Pizza Slice/Pods-Pizza Slice-frameworks.sh",
				"${BUILT_PRODUCTS_DIR}/Alamofire/Alamofire.framework",
				"${BUILT_PRODUCTS_DIR}/MBProgressHUD/MBProgressHUD.framework",
			);
			name = "[CP] Embed Pods Frameworks";
			outputPaths = (
				"${TARGET_BUILD_DIR}/${FRAMEWORKS_FOLDER_PATH}/Alamofire.framework",
				"${TARGET_BUILD_DIR}/${FRAMEWORKS_FOLDER_PATH}/MBProgressHUD.framework",
			);
			runOnlyForDeploymentPostprocessing = 0;
			shellPath = /bin/sh;
			shellScript = "\"${SRCROOT}/Pods/Target Support Files/Pods-Pizza Slice/Pods-Pizza Slice-frameworks.sh\"\n";
			showEnvVarsInLog = 0;
		};
/* End PBXShellScriptBuildPhase section */

/* Begin PBXSourcesBuildPhase section */
		D903603A19F1CAE1009584B8 /* Sources */ = {
			isa = PBXSourcesBuildPhase;
			buildActionMask = 2147483647;
			files = (
				D934EEE719F1F14A003B6EFE /* GameScene.swift in Sources */,
				D903604819F1CAE1009584B8 /* GameViewController.swift in Sources */,
				D903604419F1CAE1009584B8 /* AppDelegate.swift in Sources */,
				D983D1011D916914006D55C2 /* FriendRankPermissionsTableViewController.swift in Sources */,
				D983D1031D91873B006D55C2 /* FriendRank.swift in Sources */,
			);
			runOnlyForDeploymentPostprocessing = 0;
		};
		D903605119F1CAE1009584B8 /* Sources */ = {
			isa = PBXSourcesBuildPhase;
			buildActionMask = 2147483647;
			files = (
				D903605C19F1CAE1009584B8 /* Pizza_SliceTests.swift in Sources */,
			);
			runOnlyForDeploymentPostprocessing = 0;
		};
		D92EB4C01C88DEE60009EA72 /* Sources */ = {
			isa = PBXSourcesBuildPhase;
			buildActionMask = 2147483647;
			files = (
				D92EB4C71C88DEE60009EA72 /* Pizza_SliceUITests.swift in Sources */,
				D92EB4CF1C88DF040009EA72 /* SnapshotHelper.swift in Sources */,
			);
			runOnlyForDeploymentPostprocessing = 0;
		};
/* End PBXSourcesBuildPhase section */

/* Begin PBXTargetDependency section */
		D903605719F1CAE1009584B8 /* PBXTargetDependency */ = {
			isa = PBXTargetDependency;
			target = D903603D19F1CAE1009584B8 /* Pizza Slice */;
			targetProxy = D903605619F1CAE1009584B8 /* PBXContainerItemProxy */;
		};
		D92EB4CA1C88DEE60009EA72 /* PBXTargetDependency */ = {
			isa = PBXTargetDependency;
			target = D903603D19F1CAE1009584B8 /* Pizza Slice */;
			targetProxy = D92EB4C91C88DEE60009EA72 /* PBXContainerItemProxy */;
		};
/* End PBXTargetDependency section */

/* Begin PBXVariantGroup section */
		D903604919F1CAE1009584B8 /* Main.storyboard */ = {
			isa = PBXVariantGroup;
			children = (
				D903604A19F1CAE1009584B8 /* Base */,
			);
			name = Main.storyboard;
			sourceTree = "<group>";
		};
		D903604E19F1CAE1009584B8 /* LaunchScreen.xib */ = {
			isa = PBXVariantGroup;
			children = (
				D903604F19F1CAE1009584B8 /* Base */,
			);
			name = LaunchScreen.xib;
			sourceTree = "<group>";
		};
/* End PBXVariantGroup section */

/* Begin XCBuildConfiguration section */
		D903605D19F1CAE1009584B8 /* Debug */ = {
			isa = XCBuildConfiguration;
			buildSettings = {
				ALWAYS_SEARCH_USER_PATHS = NO;
				CLANG_CXX_LANGUAGE_STANDARD = "gnu++0x";
				CLANG_CXX_LIBRARY = "libc++";
				CLANG_ENABLE_MODULES = YES;
				CLANG_ENABLE_OBJC_ARC = YES;
				CLANG_WARN_BLOCK_CAPTURE_AUTORELEASING = YES;
				CLANG_WARN_BOOL_CONVERSION = YES;
				CLANG_WARN_COMMA = YES;
				CLANG_WARN_CONSTANT_CONVERSION = YES;
				CLANG_WARN_DIRECT_OBJC_ISA_USAGE = YES_ERROR;
				CLANG_WARN_EMPTY_BODY = YES;
				CLANG_WARN_ENUM_CONVERSION = YES;
				CLANG_WARN_INFINITE_RECURSION = YES;
				CLANG_WARN_INT_CONVERSION = YES;
				CLANG_WARN_NON_LITERAL_NULL_CONVERSION = YES;
				CLANG_WARN_OBJC_LITERAL_CONVERSION = YES;
				CLANG_WARN_OBJC_ROOT_CLASS = YES_ERROR;
				CLANG_WARN_RANGE_LOOP_ANALYSIS = YES;
				CLANG_WARN_STRICT_PROTOTYPES = YES;
				CLANG_WARN_SUSPICIOUS_MOVE = YES;
				CLANG_WARN_UNREACHABLE_CODE = YES;
				CLANG_WARN__DUPLICATE_METHOD_MATCH = YES;
				"CODE_SIGN_IDENTITY[sdk=iphoneos*]" = "iPhone Developer";
				COPY_PHASE_STRIP = NO;
				ENABLE_STRICT_OBJC_MSGSEND = YES;
				ENABLE_TESTABILITY = YES;
				GCC_C_LANGUAGE_STANDARD = gnu99;
				GCC_DYNAMIC_NO_PIC = NO;
				GCC_NO_COMMON_BLOCKS = YES;
				GCC_OPTIMIZATION_LEVEL = 0;
				GCC_PREPROCESSOR_DEFINITIONS = (
					"DEBUG=1",
					"$(inherited)",
				);
				GCC_SYMBOLS_PRIVATE_EXTERN = NO;
				GCC_WARN_64_TO_32_BIT_CONVERSION = YES;
				GCC_WARN_ABOUT_RETURN_TYPE = YES_ERROR;
				GCC_WARN_UNDECLARED_SELECTOR = YES;
				GCC_WARN_UNINITIALIZED_AUTOS = YES_AGGRESSIVE;
				GCC_WARN_UNUSED_FUNCTION = YES;
				GCC_WARN_UNUSED_VARIABLE = YES;
				IPHONEOS_DEPLOYMENT_TARGET = 9;
				MTL_ENABLE_DEBUG_INFO = YES;
				ONLY_ACTIVE_ARCH = YES;
				SDKROOT = iphoneos;
				SWIFT_OPTIMIZATION_LEVEL = "-Onone";
				TARGETED_DEVICE_FAMILY = "1,2";
			};
			name = Debug;
		};
		D903605E19F1CAE1009584B8 /* Release */ = {
			isa = XCBuildConfiguration;
			buildSettings = {
				ALWAYS_SEARCH_USER_PATHS = NO;
				CLANG_CXX_LANGUAGE_STANDARD = "gnu++0x";
				CLANG_CXX_LIBRARY = "libc++";
				CLANG_ENABLE_MODULES = YES;
				CLANG_ENABLE_OBJC_ARC = YES;
				CLANG_WARN_BLOCK_CAPTURE_AUTORELEASING = YES;
				CLANG_WARN_BOOL_CONVERSION = YES;
				CLANG_WARN_COMMA = YES;
				CLANG_WARN_CONSTANT_CONVERSION = YES;
				CLANG_WARN_DIRECT_OBJC_ISA_USAGE = YES_ERROR;
				CLANG_WARN_EMPTY_BODY = YES;
				CLANG_WARN_ENUM_CONVERSION = YES;
				CLANG_WARN_INFINITE_RECURSION = YES;
				CLANG_WARN_INT_CONVERSION = YES;
				CLANG_WARN_NON_LITERAL_NULL_CONVERSION = YES;
				CLANG_WARN_OBJC_LITERAL_CONVERSION = YES;
				CLANG_WARN_OBJC_ROOT_CLASS = YES_ERROR;
				CLANG_WARN_RANGE_LOOP_ANALYSIS = YES;
				CLANG_WARN_STRICT_PROTOTYPES = YES;
				CLANG_WARN_SUSPICIOUS_MOVE = YES;
				CLANG_WARN_UNREACHABLE_CODE = YES;
				CLANG_WARN__DUPLICATE_METHOD_MATCH = YES;
				"CODE_SIGN_IDENTITY[sdk=iphoneos*]" = "iPhone Developer";
				COPY_PHASE_STRIP = YES;
				ENABLE_NS_ASSERTIONS = NO;
				ENABLE_STRICT_OBJC_MSGSEND = YES;
				GCC_C_LANGUAGE_STANDARD = gnu99;
				GCC_NO_COMMON_BLOCKS = YES;
				GCC_WARN_64_TO_32_BIT_CONVERSION = YES;
				GCC_WARN_ABOUT_RETURN_TYPE = YES_ERROR;
				GCC_WARN_UNDECLARED_SELECTOR = YES;
				GCC_WARN_UNINITIALIZED_AUTOS = YES_AGGRESSIVE;
				GCC_WARN_UNUSED_FUNCTION = YES;
				GCC_WARN_UNUSED_VARIABLE = YES;
				IPHONEOS_DEPLOYMENT_TARGET = 9;
				MTL_ENABLE_DEBUG_INFO = NO;
				SDKROOT = iphoneos;
				SWIFT_OPTIMIZATION_LEVEL = "-Owholemodule";
				TARGETED_DEVICE_FAMILY = "1,2";
				VALIDATE_PRODUCT = YES;
			};
			name = Release;
		};
		D903606019F1CAE1009584B8 /* Debug */ = {
			isa = XCBuildConfiguration;
			baseConfigurationReference = C7D00B97DD8179C4CEE4947A /* Pods-Pizza Slice.debug.xcconfig */;
			buildSettings = {
				ASSETCATALOG_COMPILER_APPICON_NAME = AppIcon;
				CODE_SIGN_IDENTITY = "iPhone Developer";
				"CODE_SIGN_IDENTITY[sdk=iphoneos*]" = "iPhone Developer";
				INFOPLIST_FILE = "Pizza Slice/Info.plist";
				IPHONEOS_DEPLOYMENT_TARGET = 9;
				LD_RUNPATH_SEARCH_PATHS = "$(inherited) @executable_path/Frameworks";
				PRODUCT_BUNDLE_IDENTIFIER = net.phor.PizzaSlice;
				PRODUCT_NAME = "$(TARGET_NAME)";
				PROVISIONING_PROFILE = "";
				SWIFT_SWIFT3_OBJC_INFERENCE = On;
				SWIFT_VERSION = 4.0;
				TARGETED_DEVICE_FAMILY = "1,2";
			};
			name = Debug;
		};
		D903606119F1CAE1009584B8 /* Release */ = {
			isa = XCBuildConfiguration;
			baseConfigurationReference = C7C926EA765ABDBA58134C3D /* Pods-Pizza Slice.release.xcconfig */;
			buildSettings = {
				ASSETCATALOG_COMPILER_APPICON_NAME = AppIcon;
				CODE_SIGN_IDENTITY = "iPhone Developer";
				"CODE_SIGN_IDENTITY[sdk=iphoneos*]" = "iPhone Developer";
				INFOPLIST_FILE = "Pizza Slice/Info.plist";
				IPHONEOS_DEPLOYMENT_TARGET = 9;
				LD_RUNPATH_SEARCH_PATHS = "$(inherited) @executable_path/Frameworks";
				PRODUCT_BUNDLE_IDENTIFIER = net.phor.PizzaSlice;
				PRODUCT_NAME = "$(TARGET_NAME)";
				PROVISIONING_PROFILE = "";
				SWIFT_SWIFT3_OBJC_INFERENCE = On;
				SWIFT_VERSION = 4.0;
				TARGETED_DEVICE_FAMILY = "1,2";
			};
			name = Release;
		};
		D903606319F1CAE1009584B8 /* Debug */ = {
			isa = XCBuildConfiguration;
			buildSettings = {
				BUNDLE_LOADER = "$(TEST_HOST)";
				FRAMEWORK_SEARCH_PATHS = (
					"$(SDKROOT)/Developer/Library/Frameworks",
					"$(inherited)",
				);
				GCC_PREPROCESSOR_DEFINITIONS = (
					"DEBUG=1",
					"$(inherited)",
				);
				INFOPLIST_FILE = "Pizza SliceTests/Info.plist";
				LD_RUNPATH_SEARCH_PATHS = "$(inherited) @executable_path/Frameworks @loader_path/Frameworks";
				PRODUCT_BUNDLE_IDENTIFIER = "net.phor.$(PRODUCT_NAME:rfc1034identifier)";
				PRODUCT_NAME = "$(TARGET_NAME)";
				SWIFT_SWIFT3_OBJC_INFERENCE = On;
				SWIFT_VERSION = 4.0;
				TEST_HOST = "$(BUILT_PRODUCTS_DIR)/Pizza Slice.app/Pizza Slice";
			};
			name = Debug;
		};
		D903606419F1CAE1009584B8 /* Release */ = {
			isa = XCBuildConfiguration;
			buildSettings = {
				BUNDLE_LOADER = "$(TEST_HOST)";
				FRAMEWORK_SEARCH_PATHS = (
					"$(SDKROOT)/Developer/Library/Frameworks",
					"$(inherited)",
				);
				INFOPLIST_FILE = "Pizza SliceTests/Info.plist";
				LD_RUNPATH_SEARCH_PATHS = "$(inherited) @executable_path/Frameworks @loader_path/Frameworks";
				PRODUCT_BUNDLE_IDENTIFIER = "net.phor.$(PRODUCT_NAME:rfc1034identifier)";
				PRODUCT_NAME = "$(TARGET_NAME)";
				SWIFT_SWIFT3_OBJC_INFERENCE = On;
				SWIFT_VERSION = 4.0;
				TEST_HOST = "$(BUILT_PRODUCTS_DIR)/Pizza Slice.app/Pizza Slice";
			};
			name = Release;
		};
		D92EB4CC1C88DEE60009EA72 /* Debug */ = {
			isa = XCBuildConfiguration;
			buildSettings = {
				DEBUG_INFORMATION_FORMAT = dwarf;
				GCC_NO_COMMON_BLOCKS = YES;
				INFOPLIST_FILE = "Pizza SliceUITests/Info.plist";
				IPHONEOS_DEPLOYMENT_TARGET = 9.2;
				LD_RUNPATH_SEARCH_PATHS = "$(inherited) @executable_path/Frameworks @loader_path/Frameworks";
				PRODUCT_BUNDLE_IDENTIFIER = "net.phor.PizzaSlice.Pizza-SliceUITests";
				PRODUCT_NAME = "$(TARGET_NAME)";
				SWIFT_SWIFT3_OBJC_INFERENCE = On;
				SWIFT_VERSION = 4.0;
				TEST_TARGET_NAME = "Pizza Slice";
				USES_XCTRUNNER = YES;
			};
			name = Debug;
		};
		D92EB4CD1C88DEE60009EA72 /* Release */ = {
			isa = XCBuildConfiguration;
			buildSettings = {
				COPY_PHASE_STRIP = NO;
				DEBUG_INFORMATION_FORMAT = "dwarf-with-dsym";
				GCC_NO_COMMON_BLOCKS = YES;
				INFOPLIST_FILE = "Pizza SliceUITests/Info.plist";
				IPHONEOS_DEPLOYMENT_TARGET = 9.2;
				LD_RUNPATH_SEARCH_PATHS = "$(inherited) @executable_path/Frameworks @loader_path/Frameworks";
				PRODUCT_BUNDLE_IDENTIFIER = "net.phor.PizzaSlice.Pizza-SliceUITests";
				PRODUCT_NAME = "$(TARGET_NAME)";
				SWIFT_SWIFT3_OBJC_INFERENCE = On;
				SWIFT_VERSION = 4.0;
				TEST_TARGET_NAME = "Pizza Slice";
				USES_XCTRUNNER = YES;
			};
			name = Release;
		};
/* End XCBuildConfiguration section */

/* Begin XCConfigurationList section */
		D903603919F1CAE1009584B8 /* Build configuration list for PBXProject "Pizza Slice" */ = {
			isa = XCConfigurationList;
			buildConfigurations = (
				D903605D19F1CAE1009584B8 /* Debug */,
				D903605E19F1CAE1009584B8 /* Release */,
			);
			defaultConfigurationIsVisible = 0;
			defaultConfigurationName = Release;
		};
		D903605F19F1CAE1009584B8 /* Build configuration list for PBXNativeTarget "Pizza Slice" */ = {
			isa = XCConfigurationList;
			buildConfigurations = (
				D903606019F1CAE1009584B8 /* Debug */,
				D903606119F1CAE1009584B8 /* Release */,
			);
			defaultConfigurationIsVisible = 0;
			defaultConfigurationName = Release;
		};
		D903606219F1CAE1009584B8 /* Build configuration list for PBXNativeTarget "Pizza SliceTests" */ = {
			isa = XCConfigurationList;
			buildConfigurations = (
				D903606319F1CAE1009584B8 /* Debug */,
				D903606419F1CAE1009584B8 /* Release */,
			);
			defaultConfigurationIsVisible = 0;
			defaultConfigurationName = Release;
		};
		D92EB4CB1C88DEE60009EA72 /* Build configuration list for PBXNativeTarget "Pizza SliceUITests" */ = {
			isa = XCConfigurationList;
			buildConfigurations = (
				D92EB4CC1C88DEE60009EA72 /* Debug */,
				D92EB4CD1C88DEE60009EA72 /* Release */,
			);
			defaultConfigurationIsVisible = 0;
			defaultConfigurationName = Release;
		};
/* End XCConfigurationList section */
	};
	rootObject = D903603619F1CAE1009584B8 /* Project object */;
}
